
Microsoft Visual Studio Solution File, Format Version 12.00
# Visual Studio Version 16
VisualStudioVersion = 16.0.30114.105
MinimumVisualStudioVersion = 10.0.40219.1
Project("{2150E333-8FDC-42A3-9474-1A3956D46DE8}") = "src", "src", "{003BD719-986C-444F-B9B7-39D49253BA73}"
EndProject
Project("{FAE04EC0-301F-11D3-BF4B-00C04F79EFBC}") = "MeuBolsoDigital.Application.Utils", "src\MeuBolsoDigital.Application.Utils\MeuBolsoDigital.Application.Utils.csproj", "{87E390CF-FD24-425A-ABAA-D02A5F9B7E9E}"
EndProject
Project("{FAE04EC0-301F-11D3-BF4B-00C04F79EFBC}") = "MeuBolsoDigital.Application.Utils.UnitTests", "src\MeuBolsoDigital.Application.Utils.UnitTests\MeuBolsoDigital.Application.Utils.UnitTests.csproj", "{120858EF-684F-4DAF-B19E-D0550A4E9905}"
EndProject
Global
	GlobalSection(SolutionConfigurationPlatforms) = preSolution
		Debug|Any CPU = Debug|Any CPU
		Release|Any CPU = Release|Any CPU
	EndGlobalSection
	GlobalSection(SolutionProperties) = preSolution
		HideSolutionNode = FALSE
	EndGlobalSection
	GlobalSection(ProjectConfigurationPlatforms) = postSolution
		{87E390CF-FD24-425A-ABAA-D02A5F9B7E9E}.Debug|Any CPU.ActiveCfg = Debug|Any CPU
		{87E390CF-FD24-425A-ABAA-D02A5F9B7E9E}.Debug|Any CPU.Build.0 = Debug|Any CPU
		{87E390CF-FD24-425A-ABAA-D02A5F9B7E9E}.Release|Any CPU.ActiveCfg = Release|Any CPU
		{87E390CF-FD24-425A-ABAA-D02A5F9B7E9E}.Release|Any CPU.Build.0 = Release|Any CPU
		{120858EF-684F-4DAF-B19E-D0550A4E9905}.Debug|Any CPU.ActiveCfg = Debug|Any CPU
		{120858EF-684F-4DAF-B19E-D0550A4E9905}.Debug|Any CPU.Build.0 = Debug|Any CPU
		{120858EF-684F-4DAF-B19E-D0550A4E9905}.Release|Any CPU.ActiveCfg = Release|Any CPU
		{120858EF-684F-4DAF-B19E-D0550A4E9905}.Release|Any CPU.Build.0 = Release|Any CPU
	EndGlobalSection
	GlobalSection(NestedProjects) = preSolution
		{87E390CF-FD24-425A-ABAA-D02A5F9B7E9E} = {003BD719-986C-444F-B9B7-39D49253BA73}
		{120858EF-684F-4DAF-B19E-D0550A4E9905} = {003BD719-986C-444F-B9B7-39D49253BA73}
	EndGlobalSection
EndGlobal
